
Microsoft Visual Studio Solution File, Format Version 12.00
# Visual Studio Version 17
VisualStudioVersion = 17.9.34728.123
MinimumVisualStudioVersion = 10.0.40219.1
Project("{FAE04EC0-301F-11D3-BF4B-00C04F79EFBC}") = "LoginRegForm", "LoginRegForm\LoginRegForm.csproj", "{63E43AD7-DAF2-418E-8FE7-F3288112ED34}"
EndProject
Global
	GlobalSection(SolutionConfigurationPlatforms) = preSolution
		Debug|Any CPU = Debug|Any CPU
		Release|Any CPU = Release|Any CPU
	EndGlobalSection
	GlobalSection(ProjectConfigurationPlatforms) = postSolution
		{63E43AD7-DAF2-418E-8FE7-F3288112ED34}.Debug|Any CPU.ActiveCfg = Debug|Any CPU
		{63E43AD7-DAF2-418E-8FE7-F3288112ED34}.Debug|Any CPU.Build.0 = Debug|Any CPU
		{63E43AD7-DAF2-418E-8FE7-F3288112ED34}.Release|Any CPU.ActiveCfg = Release|Any CPU
		{63E43AD7-DAF2-418E-8FE7-F3288112ED34}.Release|Any CPU.Build.0 = Release|Any CPU
	EndGlobalSection
	GlobalSection(SolutionProperties) = preSolution
		HideSolutionNode = FALSE
	EndGlobalSection
	GlobalSection(ExtensibilityGlobals) = postSolution
		SolutionGuid = {44CE3004-F111-48C1-AA11-50DF2346B9D2}
	EndGlobalSection
EndGlobal
